// !$*UTF8*$!
{
	archiveVersion = 1;
	classes = {
	};
	objectVersion = 46;
	objects = {

/* Begin PBXBuildFile section */
		1FDEFC9F1D51A94D000079DB /* AppDelegate.swift in Sources */ = {isa = PBXBuildFile; fileRef = 1FDEFC9E1D51A94D000079DB /* AppDelegate.swift */; };
		1FDEFCA41D51A94D000079DB /* Main.storyboard in Resources */ = {isa = PBXBuildFile; fileRef = 1FDEFCA21D51A94D000079DB /* Main.storyboard */; };
		1FDEFCA61D51A94D000079DB /* Assets.xcassets in Resources */ = {isa = PBXBuildFile; fileRef = 1FDEFCA51D51A94D000079DB /* Assets.xcassets */; };
		1FDEFCA91D51A94D000079DB /* LaunchScreen.storyboard in Resources */ = {isa = PBXBuildFile; fileRef = 1FDEFCA71D51A94D000079DB /* LaunchScreen.storyboard */; };
		1FDEFCB51D51BA39000079DB /* ProductViewController.swift in Sources */ = {isa = PBXBuildFile; fileRef = 1FDEFCB41D51BA39000079DB /* ProductViewController.swift */; };
		1FDEFCB71D57194E000079DB /* ContactViewController.swift in Sources */ = {isa = PBXBuildFile; fileRef = 1FDEFCB61D57194E000079DB /* ContactViewController.swift */; };
/* End PBXBuildFile section */

/* Begin PBXFileReference section */
		1FDEFC9B1D51A94D000079DB /* WeDeliver.app */ = {isa = PBXFileReference; explicitFileType = wrapper.application; includeInIndex = 0; path = WeDeliver.app; sourceTree = BUILT_PRODUCTS_DIR; };
		1FDEFC9E1D51A94D000079DB /* AppDelegate.swift */ = {isa = PBXFileReference; lastKnownFileType = sourcecode.swift; path = AppDelegate.swift; sourceTree = "<group>"; };
		1FDEFCA31D51A94D000079DB /* Base */ = {isa = PBXFileReference; lastKnownFileType = file.storyboard; name = Base; path = Base.lproj/Main.storyboard; sourceTree = "<group>"; };
		1FDEFCA51D51A94D000079DB /* Assets.xcassets */ = {isa = PBXFileReference; lastKnownFileType = folder.assetcatalog; path = Assets.xcassets; sourceTree = "<group>"; };
		1FDEFCA81D51A94D000079DB /* Base */ = {isa = PBXFileReference; lastKnownFileType = file.storyboard; name = Base; path = Base.lproj/LaunchScreen.storyboard; sourceTree = "<group>"; };
		1FDEFCAA1D51A94D000079DB /* Info.plist */ = {isa = PBXFileReference; lastKnownFileType = text.plist.xml; path = Info.plist; sourceTree = "<group>"; };
		1FDEFCB41D51BA39000079DB /* ProductViewController.swift */ = {isa = PBXFileReference; fileEncoding = 4; lastKnownFileType = sourcecode.swift; path = ProductViewController.swift; sourceTree = "<group>"; };
		1FDEFCB61D57194E000079DB /* ContactViewController.swift */ = {isa = PBXFileReference; fileEncoding = 4; lastKnownFileType = sourcecode.swift; path = ContactViewController.swift; sourceTree = "<group>"; };
/* End PBXFileReference section */

/* Begin PBXFrameworksBuildPhase section */
		1FDEFC981D51A94D000079DB /* Frameworks */ = {
			isa = PBXFrameworksBuildPhase;
			buildActionMask = 2147483647;
			files = (
			);
			runOnlyForDeploymentPostprocessing = 0;
		};
/* End PBXFrameworksBuildPhase section */

/* Begin PBXGroup section */
		1FDEFC921D51A94D000079DB = {
			isa = PBXGroup;
			children = (
				1FDEFC9D1D51A94D000079DB /* WeDeliver */,
				1FDEFC9C1D51A94D000079DB /* Products */,
			);
			sourceTree = "<group>";
		};
		1FDEFC9C1D51A94D000079DB /* Products */ = {
			isa = PBXGroup;
			children = (
				1FDEFC9B1D51A94D000079DB /* WeDeliver.app */,
			);
			name = Products;
			sourceTree = "<group>";
		};
		1FDEFC9D1D51A94D000079DB /* WeDeliver */ = {
			isa = PBXGroup;
			children = (
				1FDEFC9E1D51A94D000079DB /* AppDelegate.swift */,
				1FDEFCA21D51A94D000079DB /* Main.storyboard */,
				1FDEFCB61D57194E000079DB /* ContactViewController.swift */,
				1FDEFCA51D51A94D000079DB /* Assets.xcassets */,
				1FDEFCA71D51A94D000079DB /* LaunchScreen.storyboard */,
				1FDEFCAA1D51A94D000079DB /* Info.plist */,
				1FDEFCB41D51BA39000079DB /* ProductViewController.swift */,
			);
			path = WeDeliver;
			sourceTree = "<group>";
		};
/* End PBXGroup section */

/* Begin PBXNativeTarget section */
		1FDEFC9A1D51A94D000079DB /* WeDeliver */ = {
			isa = PBXNativeTarget;
			buildConfigurationList = 1FDEFCAD1D51A94D000079DB /* Build configuration list for PBXNativeTarget "WeDeliver" */;
			buildPhases = (
				1FDEFC971D51A94D000079DB /* Sources */,
				1FDEFC981D51A94D000079DB /* Frameworks */,
				1FDEFC991D51A94D000079DB /* Resources */,
			);
			buildRules = (
			);
			dependencies = (
			);
			name = WeDeliver;
			productName = WeDeliver;
			productReference = 1FDEFC9B1D51A94D000079DB /* WeDeliver.app */;
			productType = "com.apple.product-type.application";
		};
/* End PBXNativeTarget section */

/* Begin PBXProject section */
		1FDEFC931D51A94D000079DB /* Project object */ = {
			isa = PBXProject;
			attributes = {
				LastSwiftUpdateCheck = 0730;
				LastUpgradeCheck = 0730;
				ORGANIZATIONNAME = "Marcus Eagan";
				TargetAttributes = {
					1FDEFC9A1D51A94D000079DB = {
						CreatedOnToolsVersion = 7.3;
						DevelopmentTeam = SL75R436T4;
						LastSwiftMigration = 0820;
					};
				};
			};
			buildConfigurationList = 1FDEFC961D51A94D000079DB /* Build configuration list for PBXProject "WeDeliver" */;
			compatibilityVersion = "Xcode 3.2";
			developmentRegion = English;
			hasScannedForEncodings = 0;
			knownRegions = (
				en,
				Base,
			);
			mainGroup = 1FDEFC921D51A94D000079DB;
			productRefGroup = 1FDEFC9C1D51A94D000079DB /* Products */;
			projectDirPath = "";
			projectRoot = "";
			targets = (
				1FDEFC9A1D51A94D000079DB /* WeDeliver */,
			);
		};
/* End PBXProject section */

/* Begin PBXResourcesBuildPhase section */
		1FDEFC991D51A94D000079DB /* Resources */ = {
			isa = PBXResourcesBuildPhase;
			buildActionMask = 2147483647;
			files = (
				1FDEFCA91D51A94D000079DB /* LaunchScreen.storyboard in Resources */,
				1FDEFCA61D51A94D000079DB /* Assets.xcassets in Resources */,
				1FDEFCA41D51A94D000079DB /* Main.storyboard in Resources */,
			);
			runOnlyForDeploymentPostprocessing = 0;
		};
/* End PBXResourcesBuildPhase section */

/* Begin PBXSourcesBuildPhase section */
		1FDEFC971D51A94D000079DB /* Sources */ = {
			isa = PBXSourcesBuildPhase;
			buildActionMask = 2147483647;
			files = (
				1FDEFCB51D51BA39000079DB /* ProductViewController.swift in Sources */,
				1FDEFC9F1D51A94D000079DB /* AppDelegate.swift in Sources */,
				1FDEFCB71D57194E000079DB /* ContactViewController.swift in Sources */,
			);
			runOnlyForDeploymentPostprocessing = 0;
		};
/* End PBXSourcesBuildPhase section */

/* Begin PBXVariantGroup section */
		1FDEFCA21D51A94D000079DB /* Main.storyboard */ = {
			isa = PBXVariantGroup;
			children = (
				1FDEFCA31D51A94D000079DB /* Base */,
			);
			name = Main.storyboard;
			sourceTree = "<group>";
		};
		1FDEFCA71D51A94D000079DB /* LaunchScreen.storyboard */ = {
			isa = PBXVariantGroup;
			children = (
				1FDEFCA81D51A94D000079DB /* Base */,
			);
			name = LaunchScreen.storyboard;
			sourceTree = "<group>";
		};
/* End PBXVariantGroup section */

/* Begin XCBuildConfiguration section */
		1FDEFCAB1D51A94D000079DB /* Debug */ = {
			isa = XCBuildConfiguration;
			buildSettings = {
				ALWAYS_SEARCH_USER_PATHS = NO;
				CLANG_ANALYZER_NONNULL = YES;
				CLANG_CXX_LANGUAGE_STANDARD = "gnu++0x";
				CLANG_CXX_LIBRARY = "libc++";
				CLANG_ENABLE_MODULES = YES;
				CLANG_ENABLE_OBJC_ARC = YES;
				CLANG_WARN_BOOL_CONVERSION = YES;
				CLANG_WARN_CONSTANT_CONVERSION = YES;
				CLANG_WARN_DIRECT_OBJC_ISA_USAGE = YES_ERROR;
				CLANG_WARN_EMPTY_BODY = YES;
				CLANG_WARN_ENUM_CONVERSION = YES;
				CLANG_WARN_INT_CONVERSION = YES;
				CLANG_WARN_OBJC_ROOT_CLASS = YES_ERROR;
				CLANG_WARN_UNREACHABLE_CODE = YES;
				CLANG_WARN__DUPLICATE_METHOD_MATCH = YES;
				"CODE_SIGN_IDENTITY[sdk=iphoneos*]" = "iPhone Developer";
				COPY_PHASE_STRIP = NO;
				DEBUG_INFORMATION_FORMAT = dwarf;
				ENABLE_STRICT_OBJC_MSGSEND = YES;
				ENABLE_TESTABILITY = YES;
				GCC_C_LANGUAGE_STANDARD = gnu99;
				GCC_DYNAMIC_NO_PIC = NO;
				GCC_NO_COMMON_BLOCKS = YES;
				GCC_OPTIMIZATION_LEVEL = 0;
				GCC_PREPROCESSOR_DEFINITIONS = (
					"DEBUG=1",
					"$(inherited)",
				);
				GCC_WARN_64_TO_32_BIT_CONVERSION = YES;
				GCC_WARN_ABOUT_RETURN_TYPE = YES_ERROR;
				GCC_WARN_UNDECLARED_SELECTOR = YES;
				GCC_WARN_UNINITIALIZED_AUTOS = YES_AGGRESSIVE;
				GCC_WARN_UNUSED_FUNCTION = YES;
				GCC_WARN_UNUSED_VARIABLE = YES;
				IPHONEOS_DEPLOYMENT_TARGET = 9.3;
				MTL_ENABLE_DEBUG_INFO = YES;
				ONLY_ACTIVE_ARCH = YES;
				SDKROOT = iphoneos;
				SWIFT_OPTIMIZATION_LEVEL = "-Onone";
			};
			name = Debug;
		};
		1FDEFCAC1D51A94D000079DB /* Release */ = {
			isa = XCBuildConfiguration;
			buildSettings = {
				ALWAYS_SEARCH_USER_PATHS = NO;
				CLANG_ANALYZER_NONNULL = YES;
				CLANG_CXX_LANGUAGE_STANDARD = "gnu++0x";
				CLANG_CXX_LIBRARY = "libc++";
				CLANG_ENABLE_MODULES = YES;
				CLANG_ENABLE_OBJC_ARC = YES;
				CLANG_WARN_BOOL_CONVERSION = YES;
				CLANG_WARN_CONSTANT_CONVERSION = YES;
				CLANG_WARN_DIRECT_OBJC_ISA_USAGE = YES_ERROR;
				CLANG_WARN_EMPTY_BODY = YES;
				CLANG_WARN_ENUM_CONVERSION = YES;
				CLANG_WARN_INT_CONVERSION = YES;
				CLANG_WARN_OBJC_ROOT_CLASS = YES_ERROR;
				CLANG_WARN_UNREACHABLE_CODE = YES;
				CLANG_WARN__DUPLICATE_METHOD_MATCH = YES;
				"CODE_SIGN_IDENTITY[sdk=iphoneos*]" = "iPhone Developer";
				COPY_PHASE_STRIP = NO;
				DEBUG_INFORMATION_FORMAT = "dwarf-with-dsym";
				ENABLE_NS_ASSERTIONS = NO;
				ENABLE_STRICT_OBJC_MSGSEND = YES;
				GCC_C_LANGUAGE_STANDARD = gnu99;
				GCC_NO_COMMON_BLOCKS = YES;
				GCC_WARN_64_TO_32_BIT_CONVERSION = YES;
				GCC_WARN_ABOUT_RETURN_TYPE = YES_ERROR;
				GCC_WARN_UNDECLARED_SELECTOR = YES;
				GCC_WARN_UNINITIALIZED_AUTOS = YES_AGGRESSIVE;
				GCC_WARN_UNUSED_FUNCTION = YES;
				GCC_WARN_UNUSED_VARIABLE = YES;
				IPHONEOS_DEPLOYMENT_TARGET = 9.3;
				MTL_ENABLE_DEBUG_INFO = NO;
				SDKROOT = iphoneos;
				VALIDATE_PRODUCT = YES;
			};
			name = Release;
		};
		1FDEFCAE1D51A94D000079DB /* Debug */ = {
			isa = XCBuildConfiguration;
			buildSettings = {
				ASSETCATALOG_COMPILER_APPICON_NAME = AppIcon;
				CODE_SIGN_IDENTITY = "iPhone Developer";
				"CODE_SIGN_IDENTITY[sdk=iphoneos*]" = "iPhone Developer";
				INFOPLIST_FILE = WeDeliver/Info.plist;
				LD_RUNPATH_SEARCH_PATHS = "$(inherited) @executable_path/Frameworks";
				PRODUCT_BUNDLE_IDENTIFIER = com.marcuseagan.WeDeliver;
				PRODUCT_NAME = "$(TARGET_NAME)";
				PROVISIONING_PROFILE = "";
				SWIFT_VERSION = 3.0;
			};
			name = Debug;
		};
		1FDEFCAF1D51A94D000079DB /* Release */ = {
			isa = XCBuildConfiguration;
			buildSettings = {
				ASSETCATALOG_COMPILER_APPICON_NAME = AppIcon;
				CODE_SIGN_IDENTITY = "iPhone Developer";
				"CODE_SIGN_IDENTITY[sdk=iphoneos*]" = "iPhone Developer";
				INFOPLIST_FILE = WeDeliver/Info.plist;
				LD_RUNPATH_SEARCH_PATHS = "$(inherited) @executable_path/Frameworks";
				PRODUCT_BUNDLE_IDENTIFIER = com.marcuseagan.WeDeliver;
				PRODUCT_NAME = "$(TARGET_NAME)";
				PROVISIONING_PROFILE = "";
				SWIFT_VERSION = 3.0;
			};
			name = Release;
		};
/* End XCBuildConfiguration section */

/* Begin XCConfigurationList section */
		1FDEFC961D51A94D000079DB /* Build configuration list for PBXProject "WeDeliver" */ = {
			isa = XCConfigurationList;
			buildConfigurations = (
				1FDEFCAB1D51A94D000079DB /* Debug */,
				1FDEFCAC1D51A94D000079DB /* Release */,
			);
			defaultConfigurationIsVisible = 0;
			defaultConfigurationName = Release;
		};
		1FDEFCAD1D51A94D000079DB /* Build configuration list for PBXNativeTarget "WeDeliver" */ = {
			isa = XCConfigurationList;
			buildConfigurations = (
				1FDEFCAE1D51A94D000079DB /* Debug */,
				1FDEFCAF1D51A94D000079DB /* Release */,
			);
			defaultConfigurationIsVisible = 0;
			defaultConfigurationName = Release;
		};
/* End XCConfigurationList section */
	};
	rootObject = 1FDEFC931D51A94D000079DB /* Project object */;
}
